{
  "name": "eta-project",
  "version": "1.0.0",
  "lockfileVersion": 3,
  "requires": true,
  "packages": {
    "": {
      "name": "eta-project",
      "version": "1.0.0",
      "license": "ISC",
      "dependencies": {
        "eta": "^3.4.0"
      }
    },
    "node_modules/eta": {
      "version": "3.4.0",
      "resolved": "https://registry.npmjs.org/eta/-/eta-3.4.0.tgz",
      "integrity": "sha512-tCsc7WXTjrTx4ZjYLplcqrI3o4mYJ+Z6YspeuGL8tbt/hHoMchwBwtKfwM09svEY86iRapY93vUqQttcNuIO5Q==",
      "engines": {
        "node": ">=6.0.0"
      },
      "funding": {
        "url": "https://github.com/eta-dev/eta?sponsor=1"
      }
    }
  }
}
